
Microsoft Visual Studio Solution File, Format Version 12.00
# Visual Studio Version 17
VisualStudioVersion = 17.14.36623.8 d17.14
MinimumVisualStudioVersion = 10.0.40219.1
Project("{FAE04EC0-301F-11D3-BF4B-00C04F79EFBC}") = "DecimalVariables", "DecimalVariables\DecimalVariables.csproj", "{D2CFF61F-2183-4700-81C4-30CCBDB6889C}"
EndProject
Global
	GlobalSection(SolutionConfigurationPlatforms) = preSolution
		Debug|Any CPU = Debug|Any CPU
		Release|Any CPU = Release|Any CPU
	EndGlobalSection
	GlobalSection(ProjectConfigurationPlatforms) = postSolution
		{D2CFF61F-2183-4700-81C4-30CCBDB6889C}.Debug|Any CPU.ActiveCfg = Debug|Any CPU
		{D2CFF61F-2183-4700-81C4-30CCBDB6889C}.Debug|Any CPU.Build.0 = Debug|Any CPU
		{D2CFF61F-2183-4700-81C4-30CCBDB6889C}.Release|Any CPU.ActiveCfg = Release|Any CPU
		{D2CFF61F-2183-4700-81C4-30CCBDB6889C}.Release|Any CPU.Build.0 = Release|Any CPU
	EndGlobalSection
	GlobalSection(SolutionProperties) = preSolution
		HideSolutionNode = FALSE
	EndGlobalSection
	GlobalSection(ExtensibilityGlobals) = postSolution
		SolutionGuid = {84D3F20B-AB52-4387-A044-CE42FC2A68CD}
	EndGlobalSection
EndGlobal
